// !$*UTF8*$!
{
	archiveVersion = 1;
	classes = {
	};
	objectVersion = 46;
	objects = {

/* Begin PBXBuildFile section */
		16FA44AD1B00A43000A91A55 /* AppDelegate.swift in Sources */ = {isa = PBXBuildFile; fileRef = 16FA44AC1B00A43000A91A55 /* AppDelegate.swift */; };
		16FA44B21B00A43000A91A55 /* Main.storyboard in Resources */ = {isa = PBXBuildFile; fileRef = 16FA44B01B00A43000A91A55 /* Main.storyboard */; };
		16FA44B41B00A43000A91A55 /* Images.xcassets in Resources */ = {isa = PBXBuildFile; fileRef = 16FA44B31B00A43000A91A55 /* Images.xcassets */; };
		16FA44B71B00A43000A91A55 /* LaunchScreen.xib in Resources */ = {isa = PBXBuildFile; fileRef = 16FA44B51B00A43000A91A55 /* LaunchScreen.xib */; };
		16FA44C31B00A43000A91A55 /* RevivalxSwiftSliderTests.swift in Sources */ = {isa = PBXBuildFile; fileRef = 16FA44C21B00A43000A91A55 /* RevivalxSwiftSliderTests.swift */; };
		16FA45411B02507000A91A55 /* RangeSlider.swift in Sources */ = {isa = PBXBuildFile; fileRef = 16FA45401B02507000A91A55 /* RangeSlider.swift */; };
		16FA454B1B02578F00A91A55 /* bar-background.png in Resources */ = {isa = PBXBuildFile; fileRef = 16FA45431B02578F00A91A55 /* bar-background.png */; };
		16FA454C1B02578F00A91A55 /* bar-background@2x.png in Resources */ = {isa = PBXBuildFile; fileRef = 16FA45441B02578F00A91A55 /* bar-background@2x.png */; };
		16FA454D1B02578F00A91A55 /* bar-highlight.png in Resources */ = {isa = PBXBuildFile; fileRef = 16FA45451B02578F00A91A55 /* bar-highlight.png */; };
		16FA454E1B02578F00A91A55 /* bar-highlight@2x.png in Resources */ = {isa = PBXBuildFile; fileRef = 16FA45461B02578F00A91A55 /* bar-highlight@2x.png */; };
		16FA454F1B02578F00A91A55 /* handle-hover.png in Resources */ = {isa = PBXBuildFile; fileRef = 16FA45471B02578F00A91A55 /* handle-hover.png */; };
		16FA45501B02578F00A91A55 /* handle-hover@2x.png in Resources */ = {isa = PBXBuildFile; fileRef = 16FA45481B02578F00A91A55 /* handle-hover@2x.png */; };
		16FA45511B02578F00A91A55 /* handle.png in Resources */ = {isa = PBXBuildFile; fileRef = 16FA45491B02578F00A91A55 /* handle.png */; };
		16FA45521B02578F00A91A55 /* handle@2x.png in Resources */ = {isa = PBXBuildFile; fileRef = 16FA454A1B02578F00A91A55 /* handle@2x.png */; };
		16FA45541B02613400A91A55 /* TableViewController.swift in Sources */ = {isa = PBXBuildFile; fileRef = 16FA45531B02613400A91A55 /* TableViewController.swift */; };
		16FA45561B027DD900A91A55 /* data-points.png in Resources */ = {isa = PBXBuildFile; fileRef = 16FA45551B027DD900A91A55 /* data-points.png */; };
/* End PBXBuildFile section */

/* Begin PBXContainerItemProxy section */
		16FA44BD1B00A43000A91A55 /* PBXContainerItemProxy */ = {
			isa = PBXContainerItemProxy;
			containerPortal = 16FA449F1B00A43000A91A55 /* Project object */;
			proxyType = 1;
			remoteGlobalIDString = 16FA44A61B00A43000A91A55;
			remoteInfo = RevivalxSwiftSlider;
		};
/* End PBXContainerItemProxy section */

/* Begin PBXFileReference section */
		16FA44A71B00A43000A91A55 /* RevivalxSwiftSlider.app */ = {isa = PBXFileReference; explicitFileType = wrapper.application; includeInIndex = 0; path = RevivalxSwiftSlider.app; sourceTree = BUILT_PRODUCTS_DIR; };
		16FA44AB1B00A43000A91A55 /* Info.plist */ = {isa = PBXFileReference; lastKnownFileType = text.plist.xml; path = Info.plist; sourceTree = "<group>"; };
		16FA44AC1B00A43000A91A55 /* AppDelegate.swift */ = {isa = PBXFileReference; lastKnownFileType = sourcecode.swift; path = AppDelegate.swift; sourceTree = "<group>"; };
		16FA44B11B00A43000A91A55 /* Base */ = {isa = PBXFileReference; lastKnownFileType = file.storyboard; name = Base; path = Base.lproj/Main.storyboard; sourceTree = "<group>"; };
		16FA44B31B00A43000A91A55 /* Images.xcassets */ = {isa = PBXFileReference; lastKnownFileType = folder.assetcatalog; path = Images.xcassets; sourceTree = "<group>"; };
		16FA44B61B00A43000A91A55 /* Base */ = {isa = PBXFileReference; lastKnownFileType = file.xib; name = Base; path = Base.lproj/LaunchScreen.xib; sourceTree = "<group>"; };
		16FA44BC1B00A43000A91A55 /* RevivalxSwiftSliderTests.xctest */ = {isa = PBXFileReference; explicitFileType = wrapper.cfbundle; includeInIndex = 0; path = RevivalxSwiftSliderTests.xctest; sourceTree = BUILT_PRODUCTS_DIR; };
		16FA44C11B00A43000A91A55 /* Info.plist */ = {isa = PBXFileReference; lastKnownFileType = text.plist.xml; path = Info.plist; sourceTree = "<group>"; };
		16FA44C21B00A43000A91A55 /* RevivalxSwiftSliderTests.swift */ = {isa = PBXFileReference; lastKnownFileType = sourcecode.swift; path = RevivalxSwiftSliderTests.swift; sourceTree = "<group>"; };
		16FA45401B02507000A91A55 /* RangeSlider.swift */ = {isa = PBXFileReference; fileEncoding = 4; lastKnownFileType = sourcecode.swift; path = RangeSlider.swift; sourceTree = "<group>"; };
		16FA45431B02578F00A91A55 /* bar-background.png */ = {isa = PBXFileReference; lastKnownFileType = image.png; name = "bar-background.png"; path = "Images/bar-background.png"; sourceTree = "<group>"; };
		16FA45441B02578F00A91A55 /* bar-background@2x.png */ = {isa = PBXFileReference; lastKnownFileType = image.png; name = "bar-background@2x.png"; path = "Images/bar-background@2x.png"; sourceTree = "<group>"; };
		16FA45451B02578F00A91A55 /* bar-highlight.png */ = {isa = PBXFileReference; lastKnownFileType = image.png; name = "bar-highlight.png"; path = "Images/bar-highlight.png"; sourceTree = "<group>"; };
		16FA45461B02578F00A91A55 /* bar-highlight@2x.png */ = {isa = PBXFileReference; lastKnownFileType = image.png; name = "bar-highlight@2x.png"; path = "Images/bar-highlight@2x.png"; sourceTree = "<group>"; };
		16FA45471B02578F00A91A55 /* handle-hover.png */ = {isa = PBXFileReference; lastKnownFileType = image.png; name = "handle-hover.png"; path = "Images/handle-hover.png"; sourceTree = "<group>"; };
		16FA45481B02578F00A91A55 /* handle-hover@2x.png */ = {isa = PBXFileReference; lastKnownFileType = image.png; name = "handle-hover@2x.png"; path = "Images/handle-hover@2x.png"; sourceTree = "<group>"; };
		16FA45491B02578F00A91A55 /* handle.png */ = {isa = PBXFileReference; lastKnownFileType = image.png; name = handle.png; path = Images/handle.png; sourceTree = "<group>"; };
		16FA454A1B02578F00A91A55 /* handle@2x.png */ = {isa = PBXFileReference; lastKnownFileType = image.png; name = "handle@2x.png"; path = "Images/handle@2x.png"; sourceTree = "<group>"; };
		16FA45531B02613400A91A55 /* TableViewController.swift */ = {isa = PBXFileReference; fileEncoding = 4; lastKnownFileType = sourcecode.swift; path = TableViewController.swift; sourceTree = "<group>"; };
		16FA45551B027DD900A91A55 /* data-points.png */ = {isa = PBXFileReference; lastKnownFileType = image.png; name = "data-points.png"; path = "Images/data-points.png"; sourceTree = "<group>"; };
/* End PBXFileReference section */

/* Begin PBXFrameworksBuildPhase section */
		16FA44A41B00A43000A91A55 /* Frameworks */ = {
			isa = PBXFrameworksBuildPhase;
			buildActionMask = 2147483647;
			files = (
			);
			runOnlyForDeploymentPostprocessing = 0;
		};
		16FA44B91B00A43000A91A55 /* Frameworks */ = {
			isa = PBXFrameworksBuildPhase;
			buildActionMask = 2147483647;
			files = (
			);
			runOnlyForDeploymentPostprocessing = 0;
		};
/* End PBXFrameworksBuildPhase section */

/* Begin PBXGroup section */
		16FA449E1B00A43000A91A55 = {
			isa = PBXGroup;
			children = (
				16FA44A91B00A43000A91A55 /* RevivalxSwiftSlider */,
				16FA44BF1B00A43000A91A55 /* RevivalxSwiftSliderTests */,
				16FA44A81B00A43000A91A55 /* Products */,
			);
			sourceTree = "<group>";
		};
		16FA44A81B00A43000A91A55 /* Products */ = {
			isa = PBXGroup;
			children = (
				16FA44A71B00A43000A91A55 /* RevivalxSwiftSlider.app */,
				16FA44BC1B00A43000A91A55 /* RevivalxSwiftSliderTests.xctest */,
			);
			name = Products;
			sourceTree = "<group>";
		};
		16FA44A91B00A43000A91A55 /* RevivalxSwiftSlider */ = {
			isa = PBXGroup;
			children = (
				16FA45421B02576F00A91A55 /* Images */,
				16FA44AC1B00A43000A91A55 /* AppDelegate.swift */,
				16FA44B31B00A43000A91A55 /* Images.xcassets */,
				16FA44B51B00A43000A91A55 /* LaunchScreen.xib */,
				16FA44B01B00A43000A91A55 /* Main.storyboard */,
				16FA44AA1B00A43000A91A55 /* Supporting Files */,
				16FA45401B02507000A91A55 /* RangeSlider.swift */,
				16FA45531B02613400A91A55 /* TableViewController.swift */,
			);
			path = RevivalxSwiftSlider;
			sourceTree = "<group>";
		};
		16FA44AA1B00A43000A91A55 /* Supporting Files */ = {
			isa = PBXGroup;
			children = (
				16FA44AB1B00A43000A91A55 /* Info.plist */,
			);
			name = "Supporting Files";
			sourceTree = "<group>";
		};
		16FA44BF1B00A43000A91A55 /* RevivalxSwiftSliderTests */ = {
			isa = PBXGroup;
			children = (
				16FA44C21B00A43000A91A55 /* RevivalxSwiftSliderTests.swift */,
				16FA44C01B00A43000A91A55 /* Supporting Files */,
			);
			path = RevivalxSwiftSliderTests;
			sourceTree = "<group>";
		};
		16FA44C01B00A43000A91A55 /* Supporting Files */ = {
			isa = PBXGroup;
			children = (
				16FA44C11B00A43000A91A55 /* Info.plist */,
			);
			name = "Supporting Files";
			sourceTree = "<group>";
		};
		16FA45421B02576F00A91A55 /* Images */ = {
			isa = PBXGroup;
			children = (
				16FA45551B027DD900A91A55 /* data-points.png */,
				16FA45431B02578F00A91A55 /* bar-background.png */,
				16FA45441B02578F00A91A55 /* bar-background@2x.png */,
				16FA45451B02578F00A91A55 /* bar-highlight.png */,
				16FA45461B02578F00A91A55 /* bar-highlight@2x.png */,
				16FA45471B02578F00A91A55 /* handle-hover.png */,
				16FA45481B02578F00A91A55 /* handle-hover@2x.png */,
				16FA45491B02578F00A91A55 /* handle.png */,
				16FA454A1B02578F00A91A55 /* handle@2x.png */,
			);
			name = Images;
			sourceTree = "<group>";
		};
/* End PBXGroup section */

/* Begin PBXNativeTarget section */
		16FA44A61B00A43000A91A55 /* RevivalxSwiftSlider */ = {
			isa = PBXNativeTarget;
			buildConfigurationList = 16FA44C61B00A43000A91A55 /* Build configuration list for PBXNativeTarget "RevivalxSwiftSlider" */;
			buildPhases = (
				16FA44A31B00A43000A91A55 /* Sources */,
				16FA44A41B00A43000A91A55 /* Frameworks */,
				16FA44A51B00A43000A91A55 /* Resources */,
			);
			buildRules = (
			);
			dependencies = (
			);
			name = RevivalxSwiftSlider;
			productName = RevivalxSwiftSlider;
			productReference = 16FA44A71B00A43000A91A55 /* RevivalxSwiftSlider.app */;
			productType = "com.apple.product-type.application";
		};
		16FA44BB1B00A43000A91A55 /* RevivalxSwiftSliderTests */ = {
			isa = PBXNativeTarget;
			buildConfigurationList = 16FA44C91B00A43000A91A55 /* Build configuration list for PBXNativeTarget "RevivalxSwiftSliderTests" */;
			buildPhases = (
				16FA44B81B00A43000A91A55 /* Sources */,
				16FA44B91B00A43000A91A55 /* Frameworks */,
				16FA44BA1B00A43000A91A55 /* Resources */,
			);
			buildRules = (
			);
			dependencies = (
				16FA44BE1B00A43000A91A55 /* PBXTargetDependency */,
			);
			name = RevivalxSwiftSliderTests;
			productName = RevivalxSwiftSliderTests;
			productReference = 16FA44BC1B00A43000A91A55 /* RevivalxSwiftSliderTests.xctest */;
			productType = "com.apple.product-type.bundle.unit-test";
		};
/* End PBXNativeTarget section */

/* Begin PBXProject section */
		16FA449F1B00A43000A91A55 /* Project object */ = {
			isa = PBXProject;
			attributes = {
				LastUpgradeCheck = 0630;
				ORGANIZATIONNAME = "Nurdin Norazan Services";
				TargetAttributes = {
					16FA44A61B00A43000A91A55 = {
						CreatedOnToolsVersion = 6.3.1;
					};
					16FA44BB1B00A43000A91A55 = {
						CreatedOnToolsVersion = 6.3.1;
						TestTargetID = 16FA44A61B00A43000A91A55;
					};
				};
			};
			buildConfigurationList = 16FA44A21B00A43000A91A55 /* Build configuration list for PBXProject "RevivalxSwiftSlider" */;
			compatibilityVersion = "Xcode 3.2";
			developmentRegion = English;
			hasScannedForEncodings = 0;
			knownRegions = (
				en,
				Base,
			);
			mainGroup = 16FA449E1B00A43000A91A55;
			productRefGroup = 16FA44A81B00A43000A91A55 /* Products */;
			projectDirPath = "";
			projectRoot = "";
			targets = (
				16FA44A61B00A43000A91A55 /* RevivalxSwiftSlider */,
				16FA44BB1B00A43000A91A55 /* RevivalxSwiftSliderTests */,
			);
		};
/* End PBXProject section */

/* Begin PBXResourcesBuildPhase section */
		16FA44A51B00A43000A91A55 /* Resources */ = {
			isa = PBXResourcesBuildPhase;
			buildActionMask = 2147483647;
			files = (
				16FA454F1B02578F00A91A55 /* handle-hover.png in Resources */,
				16FA454D1B02578F00A91A55 /* bar-highlight.png in Resources */,
				16FA45561B027DD900A91A55 /* data-points.png in Resources */,
				16FA44B21B00A43000A91A55 /* Main.storyboard in Resources */,
				16FA44B71B00A43000A91A55 /* LaunchScreen.xib in Resources */,
				16FA45501B02578F00A91A55 /* handle-hover@2x.png in Resources */,
				16FA44B41B00A43000A91A55 /* Images.xcassets in Resources */,
				16FA454B1B02578F00A91A55 /* bar-background.png in Resources */,
				16FA45511B02578F00A91A55 /* handle.png in Resources */,
				16FA454C1B02578F00A91A55 /* bar-background@2x.png in Resources */,
				16FA454E1B02578F00A91A55 /* bar-highlight@2x.png in Resources */,
				16FA45521B02578F00A91A55 /* handle@2x.png in Resources */,
			);
			runOnlyForDeploymentPostprocessing = 0;
		};
		16FA44BA1B00A43000A91A55 /* Resources */ = {
			isa = PBXResourcesBuildPhase;
			buildActionMask = 2147483647;
			files = (
			);
			runOnlyForDeploymentPostprocessing = 0;
		};
/* End PBXResourcesBuildPhase section */

/* Begin PBXSourcesBuildPhase section */
		16FA44A31B00A43000A91A55 /* Sources */ = {
			isa = PBXSourcesBuildPhase;
			buildActionMask = 2147483647;
			files = (
				16FA45411B02507000A91A55 /* RangeSlider.swift in Sources */,
				16FA45541B02613400A91A55 /* TableViewController.swift in Sources */,
				16FA44AD1B00A43000A91A55 /* AppDelegate.swift in Sources */,
			);
			runOnlyForDeploymentPostprocessing = 0;
		};
		16FA44B81B00A43000A91A55 /* Sources */ = {
			isa = PBXSourcesBuildPhase;
			buildActionMask = 2147483647;
			files = (
				16FA44C31B00A43000A91A55 /* RevivalxSwiftSliderTests.swift in Sources */,
			);
			runOnlyForDeploymentPostprocessing = 0;
		};
/* End PBXSourcesBuildPhase section */

/* Begin PBXTargetDependency section */
		16FA44BE1B00A43000A91A55 /* PBXTargetDependency */ = {
			isa = PBXTargetDependency;
			target = 16FA44A61B00A43000A91A55 /* RevivalxSwiftSlider */;
			targetProxy = 16FA44BD1B00A43000A91A55 /* PBXContainerItemProxy */;
		};
/* End PBXTargetDependency section */

/* Begin PBXVariantGroup section */
		16FA44B01B00A43000A91A55 /* Main.storyboard */ = {
			isa = PBXVariantGroup;
			children = (
				16FA44B11B00A43000A91A55 /* Base */,
			);
			name = Main.storyboard;
			sourceTree = "<group>";
		};
		16FA44B51B00A43000A91A55 /* LaunchScreen.xib */ = {
			isa = PBXVariantGroup;
			children = (
				16FA44B61B00A43000A91A55 /* Base */,
			);
			name = LaunchScreen.xib;
			sourceTree = "<group>";
		};
/* End PBXVariantGroup section */

/* Begin XCBuildConfiguration section */
		16FA44C41B00A43000A91A55 /* Debug */ = {
			isa = XCBuildConfiguration;
			buildSettings = {
				ALWAYS_SEARCH_USER_PATHS = NO;
				CLANG_CXX_LANGUAGE_STANDARD = "gnu++0x";
				CLANG_CXX_LIBRARY = "libc++";
				CLANG_ENABLE_MODULES = YES;
				CLANG_ENABLE_OBJC_ARC = YES;
				CLANG_WARN_BOOL_CONVERSION = YES;
				CLANG_WARN_CONSTANT_CONVERSION = YES;
				CLANG_WARN_DIRECT_OBJC_ISA_USAGE = YES_ERROR;
				CLANG_WARN_EMPTY_BODY = YES;
				CLANG_WARN_ENUM_CONVERSION = YES;
				CLANG_WARN_INT_CONVERSION = YES;
				CLANG_WARN_OBJC_ROOT_CLASS = YES_ERROR;
				CLANG_WARN_UNREACHABLE_CODE = YES;
				CLANG_WARN__DUPLICATE_METHOD_MATCH = YES;
				"CODE_SIGN_IDENTITY[sdk=iphoneos*]" = "iPhone Developer";
				COPY_PHASE_STRIP = NO;
				DEBUG_INFORMATION_FORMAT = "dwarf-with-dsym";
				ENABLE_STRICT_OBJC_MSGSEND = YES;
				GCC_C_LANGUAGE_STANDARD = gnu99;
				GCC_DYNAMIC_NO_PIC = NO;
				GCC_NO_COMMON_BLOCKS = YES;
				GCC_OPTIMIZATION_LEVEL = 0;
				GCC_PREPROCESSOR_DEFINITIONS = (
					"DEBUG=1",
					"$(inherited)",
				);
				GCC_SYMBOLS_PRIVATE_EXTERN = NO;
				GCC_WARN_64_TO_32_BIT_CONVERSION = YES;
				GCC_WARN_ABOUT_RETURN_TYPE = YES_ERROR;
				GCC_WARN_UNDECLARED_SELECTOR = YES;
				GCC_WARN_UNINITIALIZED_AUTOS = YES_AGGRESSIVE;
				GCC_WARN_UNUSED_FUNCTION = YES;
				GCC_WARN_UNUSED_VARIABLE = YES;
				IPHONEOS_DEPLOYMENT_TARGET = 8.3;
				MTL_ENABLE_DEBUG_INFO = YES;
				ONLY_ACTIVE_ARCH = YES;
				SDKROOT = iphoneos;
				SWIFT_OPTIMIZATION_LEVEL = "-Onone";
			};
			name = Debug;
		};
		16FA44C51B00A43000A91A55 /* Release */ = {
			isa = XCBuildConfiguration;
			buildSettings = {
				ALWAYS_SEARCH_USER_PATHS = NO;
				CLANG_CXX_LANGUAGE_STANDARD = "gnu++0x";
				CLANG_CXX_LIBRARY = "libc++";
				CLANG_ENABLE_MODULES = YES;
				CLANG_ENABLE_OBJC_ARC = YES;
				CLANG_WARN_BOOL_CONVERSION = YES;
				CLANG_WARN_CONSTANT_CONVERSION = YES;
				CLANG_WARN_DIRECT_OBJC_ISA_USAGE = YES_ERROR;
				CLANG_WARN_EMPTY_BODY = YES;
				CLANG_WARN_ENUM_CONVERSION = YES;
				CLANG_WARN_INT_CONVERSION = YES;
				CLANG_WARN_OBJC_ROOT_CLASS = YES_ERROR;
				CLANG_WARN_UNREACHABLE_CODE = YES;
				CLANG_WARN__DUPLICATE_METHOD_MATCH = YES;
				"CODE_SIGN_IDENTITY[sdk=iphoneos*]" = "iPhone Developer";
				COPY_PHASE_STRIP = NO;
				DEBUG_INFORMATION_FORMAT = "dwarf-with-dsym";
				ENABLE_NS_ASSERTIONS = NO;
				ENABLE_STRICT_OBJC_MSGSEND = YES;
				GCC_C_LANGUAGE_STANDARD = gnu99;
				GCC_NO_COMMON_BLOCKS = YES;
				GCC_WARN_64_TO_32_BIT_CONVERSION = YES;
				GCC_WARN_ABOUT_RETURN_TYPE = YES_ERROR;
				GCC_WARN_UNDECLARED_SELECTOR = YES;
				GCC_WARN_UNINITIALIZED_AUTOS = YES_AGGRESSIVE;
				GCC_WARN_UNUSED_FUNCTION = YES;
				GCC_WARN_UNUSED_VARIABLE = YES;
				IPHONEOS_DEPLOYMENT_TARGET = 8.3;
				MTL_ENABLE_DEBUG_INFO = NO;
				SDKROOT = iphoneos;
				VALIDATE_PRODUCT = YES;
			};
			name = Release;
		};
		16FA44C71B00A43000A91A55 /* Debug */ = {
			isa = XCBuildConfiguration;
			buildSettings = {
				ASSETCATALOG_COMPILER_APPICON_NAME = AppIcon;
				INFOPLIST_FILE = RevivalxSwiftSlider/Info.plist;
				LD_RUNPATH_SEARCH_PATHS = "$(inherited) @executable_path/Frameworks";
				PRODUCT_NAME = "$(TARGET_NAME)";
			};
			name = Debug;
		};
		16FA44C81B00A43000A91A55 /* Release */ = {
			isa = XCBuildConfiguration;
			buildSettings = {
				ASSETCATALOG_COMPILER_APPICON_NAME = AppIcon;
				INFOPLIST_FILE = RevivalxSwiftSlider/Info.plist;
				LD_RUNPATH_SEARCH_PATHS = "$(inherited) @executable_path/Frameworks";
				PRODUCT_NAME = "$(TARGET_NAME)";
			};
			name = Release;
		};
		16FA44CA1B00A43000A91A55 /* Debug */ = {
			isa = XCBuildConfiguration;
			buildSettings = {
				BUNDLE_LOADER = "$(TEST_HOST)";
				FRAMEWORK_SEARCH_PATHS = (
					"$(SDKROOT)/Developer/Library/Frameworks",
					"$(inherited)",
				);
				GCC_PREPROCESSOR_DEFINITIONS = (
					"DEBUG=1",
					"$(inherited)",
				);
				INFOPLIST_FILE = RevivalxSwiftSliderTests/Info.plist;
				LD_RUNPATH_SEARCH_PATHS = "$(inherited) @executable_path/Frameworks @loader_path/Frameworks";
				PRODUCT_NAME = "$(TARGET_NAME)";
				TEST_HOST = "$(BUILT_PRODUCTS_DIR)/RevivalxSwiftSlider.app/RevivalxSwiftSlider";
			};
			name = Debug;
		};
		16FA44CB1B00A43000A91A55 /* Release */ = {
			isa = XCBuildConfiguration;
			buildSettings = {
				BUNDLE_LOADER = "$(TEST_HOST)";
				FRAMEWORK_SEARCH_PATHS = (
					"$(SDKROOT)/Developer/Library/Frameworks",
					"$(inherited)",
				);
				INFOPLIST_FILE = RevivalxSwiftSliderTests/Info.plist;
				LD_RUNPATH_SEARCH_PATHS = "$(inherited) @executable_path/Frameworks @loader_path/Frameworks";
				PRODUCT_NAME = "$(TARGET_NAME)";
				TEST_HOST = "$(BUILT_PRODUCTS_DIR)/RevivalxSwiftSlider.app/RevivalxSwiftSlider";
			};
			name = Release;
		};
/* End XCBuildConfiguration section */

/* Begin XCConfigurationList section */
		16FA44A21B00A43000A91A55 /* Build configuration list for PBXProject "RevivalxSwiftSlider" */ = {
			isa = XCConfigurationList;
			buildConfigurations = (
				16FA44C41B00A43000A91A55 /* Debug */,
				16FA44C51B00A43000A91A55 /* Release */,
			);
			defaultConfigurationIsVisible = 0;
			defaultConfigurationName = Release;
		};
		16FA44C61B00A43000A91A55 /* Build configuration list for PBXNativeTarget "RevivalxSwiftSlider" */ = {
			isa = XCConfigurationList;
			buildConfigurations = (
				16FA44C71B00A43000A91A55 /* Debug */,
				16FA44C81B00A43000A91A55 /* Release */,
			);
			defaultConfigurationIsVisible = 0;
			defaultConfigurationName = Release;
		};
		16FA44C91B00A43000A91A55 /* Build configuration list for PBXNativeTarget "RevivalxSwiftSliderTests" */ = {
			isa = XCConfigurationList;
			buildConfigurations = (
				16FA44CA1B00A43000A91A55 /* Debug */,
				16FA44CB1B00A43000A91A55 /* Release */,
			);
			defaultConfigurationIsVisible = 0;
			defaultConfigurationName = Release;
		};
/* End XCConfigurationList section */
	};
	rootObject = 16FA449F1B00A43000A91A55 /* Project object */;
}
